prepare:
  cmd: python src/prepare.py
  deps:
  - path: data/raw
    md5: a8a5252d9b14ab2c1be283822a86981a.dir
  - path: src/prepare.py
    md5: ef804f358e00edcfe52c865b471f8f55
  outs:
  - path: data/prepared/test.csv
    md5: 1e61e016b90163199932c83dd9727939
  - path: data/prepared/train.csv
    md5: 9f4b013dedf51e68576b24dfac1ffb0d
train:
  cmd: python src/train.py
  deps:
  - path: data/prepared/train.csv
    md5: 9f4b013dedf51e68576b24dfac1ffb0d
  - path: src/train.py
    md5: 8afd0b487365179d1b8bcca7e57a64cd
  outs:
  - path: model/model.joblib
    md5: abaab55454ec4580a52dfbe504d5775b
evaluate:
  cmd: python src/evaluate.py
  deps:
  - path: model/model.joblib
    md5: abaab55454ec4580a52dfbe504d5775b
  - path: src/evaluate.py
    md5: b197277667d6269271fff4ae4af8a941
  outs:
  - path: metrics/accuracy.json
    md5: 8931d5dcf8d15a1e635e0442dcd6c29a
